
Microsoft Visual Studio Solution File, Format Version 12.00
# Visual Studio 15
VisualStudioVersion = 15.0.27703.2042
MinimumVisualStudioVersion = 10.0.40219.1
Project("{9A19103F-16F7-4668-BE54-9A1E7A4F7556}") = "1_ReverseNumbers", "1_ReverseNumbers\1_ReverseNumbers.csproj", "{30D3BF0D-3B67-432E-891F-960CDEE178E8}"
EndProject
Project("{9A19103F-16F7-4668-BE54-9A1E7A4F7556}") = "2_BasicOperations", "2_BasicOperations\2_BasicOperations.csproj", "{0C46C790-11F5-476F-8567-C49C6C6F91FD}"
EndProject
Project("{9A19103F-16F7-4668-BE54-9A1E7A4F7556}") = "3_MaximumElement", "3_MaximumElement\3_MaximumElement.csproj", "{0D704B33-9F10-4FC7-8B3F-84F701A312D7}"
EndProject
Project("{9A19103F-16F7-4668-BE54-9A1E7A4F7556}") = "4_BasicQueueOperations", "4_BasicQueueOperations\4_BasicQueueOperations.csproj", "{0F4AFD73-FD86-4D88-83BF-764BE2D3B961}"
EndProject
Project("{9A19103F-16F7-4668-BE54-9A1E7A4F7556}") = "5_CalculateSequence", "5_CalculateSequence\5_CalculateSequence.csproj", "{5F44A5F0-FFB2-47AD-9527-5010388994F0}"
EndProject
Project("{9A19103F-16F7-4668-BE54-9A1E7A4F7556}") = "6_TruckTour", "6_TruckTour\6_TruckTour.csproj", "{0E7B7D6E-2114-4D4A-9DD7-36962B350179}"
EndProject
Project("{9A19103F-16F7-4668-BE54-9A1E7A4F7556}") = "7_BalancedParenthesis", "7_BalancedParenthesis\7_BalancedParenthesis.csproj", "{28B7B17A-4984-4733-8699-429F672F55E3}"
EndProject
Project("{FAE04EC0-301F-11D3-BF4B-00C04F79EFBC}") = "8_StackFibonacci", "8_StackFibonacci\8_StackFibonacci.csproj", "{0B2B59F2-7CF8-4635-BFE7-C27A5F8D8F15}"
EndProject
Global
	GlobalSection(SolutionConfigurationPlatforms) = preSolution
		Debug|Any CPU = Debug|Any CPU
		Release|Any CPU = Release|Any CPU
	EndGlobalSection
	GlobalSection(ProjectConfigurationPlatforms) = postSolution
		{30D3BF0D-3B67-432E-891F-960CDEE178E8}.Debug|Any CPU.ActiveCfg = Debug|Any CPU
		{30D3BF0D-3B67-432E-891F-960CDEE178E8}.Debug|Any CPU.Build.0 = Debug|Any CPU
		{30D3BF0D-3B67-432E-891F-960CDEE178E8}.Release|Any CPU.ActiveCfg = Release|Any CPU
		{30D3BF0D-3B67-432E-891F-960CDEE178E8}.Release|Any CPU.Build.0 = Release|Any CPU
		{0C46C790-11F5-476F-8567-C49C6C6F91FD}.Debug|Any CPU.ActiveCfg = Debug|Any CPU
		{0C46C790-11F5-476F-8567-C49C6C6F91FD}.Debug|Any CPU.Build.0 = Debug|Any CPU
		{0C46C790-11F5-476F-8567-C49C6C6F91FD}.Release|Any CPU.ActiveCfg = Release|Any CPU
		{0C46C790-11F5-476F-8567-C49C6C6F91FD}.Release|Any CPU.Build.0 = Release|Any CPU
		{0D704B33-9F10-4FC7-8B3F-84F701A312D7}.Debug|Any CPU.ActiveCfg = Debug|Any CPU
		{0D704B33-9F10-4FC7-8B3F-84F701A312D7}.Debug|Any CPU.Build.0 = Debug|Any CPU
		{0D704B33-9F10-4FC7-8B3F-84F701A312D7}.Release|Any CPU.ActiveCfg = Release|Any CPU
		{0D704B33-9F10-4FC7-8B3F-84F701A312D7}.Release|Any CPU.Build.0 = Release|Any CPU
		{0F4AFD73-FD86-4D88-83BF-764BE2D3B961}.Debug|Any CPU.ActiveCfg = Debug|Any CPU
		{0F4AFD73-FD86-4D88-83BF-764BE2D3B961}.Debug|Any CPU.Build.0 = Debug|Any CPU
		{0F4AFD73-FD86-4D88-83BF-764BE2D3B961}.Release|Any CPU.ActiveCfg = Release|Any CPU
		{0F4AFD73-FD86-4D88-83BF-764BE2D3B961}.Release|Any CPU.Build.0 = Release|Any CPU
		{5F44A5F0-FFB2-47AD-9527-5010388994F0}.Debug|Any CPU.ActiveCfg = Debug|Any CPU
		{5F44A5F0-FFB2-47AD-9527-5010388994F0}.Debug|Any CPU.Build.0 = Debug|Any CPU
		{5F44A5F0-FFB2-47AD-9527-5010388994F0}.Release|Any CPU.ActiveCfg = Release|Any CPU
		{5F44A5F0-FFB2-47AD-9527-5010388994F0}.Release|Any CPU.Build.0 = Release|Any CPU
		{0E7B7D6E-2114-4D4A-9DD7-36962B350179}.Debug|Any CPU.ActiveCfg = Debug|Any CPU
		{0E7B7D6E-2114-4D4A-9DD7-36962B350179}.Debug|Any CPU.Build.0 = Debug|Any CPU
		{0E7B7D6E-2114-4D4A-9DD7-36962B350179}.Release|Any CPU.ActiveCfg = Release|Any CPU
		{0E7B7D6E-2114-4D4A-9DD7-36962B350179}.Release|Any CPU.Build.0 = Release|Any CPU
		{28B7B17A-4984-4733-8699-429F672F55E3}.Debug|Any CPU.ActiveCfg = Debug|Any CPU
		{28B7B17A-4984-4733-8699-429F672F55E3}.Debug|Any CPU.Build.0 = Debug|Any CPU
		{28B7B17A-4984-4733-8699-429F672F55E3}.Release|Any CPU.ActiveCfg = Release|Any CPU
		{28B7B17A-4984-4733-8699-429F672F55E3}.Release|Any CPU.Build.0 = Release|Any CPU
		{0B2B59F2-7CF8-4635-BFE7-C27A5F8D8F15}.Debug|Any CPU.ActiveCfg = Debug|Any CPU
		{0B2B59F2-7CF8-4635-BFE7-C27A5F8D8F15}.Debug|Any CPU.Build.0 = Debug|Any CPU
		{0B2B59F2-7CF8-4635-BFE7-C27A5F8D8F15}.Release|Any CPU.ActiveCfg = Release|Any CPU
		{0B2B59F2-7CF8-4635-BFE7-C27A5F8D8F15}.Release|Any CPU.Build.0 = Release|Any CPU
	EndGlobalSection
	GlobalSection(SolutionProperties) = preSolution
		HideSolutionNode = FALSE
	EndGlobalSection
	GlobalSection(ExtensibilityGlobals) = postSolution
		SolutionGuid = {D4A15AD6-24E4-407E-8E4E-BC2AC52713DB}
	EndGlobalSection
EndGlobal
